// !$*UTF8*$!
{
	archiveVersion = 1;
	classes = {
	};
	objectVersion = 55;
	objects = {

/* Begin PBXBuildFile section */
		5F08FD58279D9E05004A5FD6 /* AppDelegate.swift in Sources */ = {isa = PBXBuildFile; fileRef = 5F08FD57279D9E05004A5FD6 /* AppDelegate.swift */; };
		5F08FD5E279D9E06004A5FD6 /* Assets.xcassets in Resources */ = {isa = PBXBuildFile; fileRef = 5F08FD5D279D9E06004A5FD6 /* Assets.xcassets */; };
		5F08FD61279D9E06004A5FD6 /* Preview Assets.xcassets in Resources */ = {isa = PBXBuildFile; fileRef = 5F08FD60279D9E06004A5FD6 /* Preview Assets.xcassets */; };
		5F08FD68279D9EC9004A5FD6 /* HomeView.swift in Sources */ = {isa = PBXBuildFile; fileRef = 5F08FD67279D9EC9004A5FD6 /* HomeView.swift */; };
		5F08FD6A279D9F2C004A5FD6 /* SelectView.swift in Sources */ = {isa = PBXBuildFile; fileRef = 5F08FD69279D9F2C004A5FD6 /* SelectView.swift */; };
		5F08FD6D279DA0F5004A5FD6 /* Markerlmage.swift in Sources */ = {isa = PBXBuildFile; fileRef = 5F08FD6C279DA0F5004A5FD6 /* Markerlmage.swift */; };
		5F08FD6F279DA113004A5FD6 /* SelectViewModel.swift in Sources */ = {isa = PBXBuildFile; fileRef = 5F08FD6E279DA113004A5FD6 /* SelectViewModel.swift */; };
		5F08FD73279DAAE5004A5FD6 /* Activity.swift in Sources */ = {isa = PBXBuildFile; fileRef = 5F08FD72279DAAE5004A5FD6 /* Activity.swift */; };
		5F08FD75279DAE53004A5FD6 /* EditView.swift in Sources */ = {isa = PBXBuildFile; fileRef = 5F08FD74279DAE53004A5FD6 /* EditView.swift */; };
		5F34479427A4F3B300521F5B /* OpenView.swift in Sources */ = {isa = PBXBuildFile; fileRef = 5F34479327A4F3B300521F5B /* OpenView.swift */; };
		5F34479627A4F3C200521F5B /* OpenViewModel.swift in Sources */ = {isa = PBXBuildFile; fileRef = 5F34479527A4F3C200521F5B /* OpenViewModel.swift */; };
		5F34479827A4F7EF00521F5B /* TakeMarkerStore.swift in Sources */ = {isa = PBXBuildFile; fileRef = 5F34479727A4F7EF00521F5B /* TakeMarkerStore.swift */; };
		5F34479B27A5041D00521F5B /* ARContentsViewController.swift in Sources */ = {isa = PBXBuildFile; fileRef = 5F34479A27A5041D00521F5B /* ARContentsViewController.swift */; };
		5F34479E27A50C6300521F5B /* PinLayout in Frameworks */ = {isa = PBXBuildFile; productRef = 5F34479D27A50C6300521F5B /* PinLayout */; };
		5F3447A027A5AD6400521F5B /* FindMarkerView.swift in Sources */ = {isa = PBXBuildFile; fileRef = 5F34479F27A5AD6400521F5B /* FindMarkerView.swift */; };
		5F3447A327A5B33A00521F5B /* MessageView.swift in Sources */ = {isa = PBXBuildFile; fileRef = 5F3447A227A5B33A00521F5B /* MessageView.swift */; };
		5F3447A627A5BF8C00521F5B /* FinishView.swift in Sources */ = {isa = PBXBuildFile; fileRef = 5F3447A527A5BF8C00521F5B /* FinishView.swift */; };
		5F4B63A727A127B600B42B75 /* AuthentiacationView.swift in Sources */ = {isa = PBXBuildFile; fileRef = 5F4B63A627A127B600B42B75 /* AuthentiacationView.swift */; };
		5F4B63AA27A1286D00B42B75 /* AuthenticationViewModel.swift in Sources */ = {isa = PBXBuildFile; fileRef = 5F4B63A927A1286D00B42B75 /* AuthenticationViewModel.swift */; };
		5F4B63AC27A128CE00B42B75 /* OrangeButton.swift in Sources */ = {isa = PBXBuildFile; fileRef = 5F4B63AB27A128CE00B42B75 /* OrangeButton.swift */; };
		5F4B63AF27A12D8700B42B75 /* Realm in Frameworks */ = {isa = PBXBuildFile; productRef = 5F4B63AE27A12D8700B42B75 /* Realm */; };
		5F4B63B127A12D8700B42B75 /* RealmSwift in Frameworks */ = {isa = PBXBuildFile; productRef = 5F4B63B027A12D8700B42B75 /* RealmSwift */; };
		5F4B63B727A12F0C00B42B75 /* toy_biplane.usdz in Resources */ = {isa = PBXBuildFile; fileRef = 5F4B63B327A12F0B00B42B75 /* toy_biplane.usdz */; };
		5F4B63B827A12F0C00B42B75 /* tv_retro.usdz in Resources */ = {isa = PBXBuildFile; fileRef = 5F4B63B427A12F0B00B42B75 /* tv_retro.usdz */; };
		5F4B63B927A12F0C00B42B75 /* LemonMeringuePie.usdz in Resources */ = {isa = PBXBuildFile; fileRef = 5F4B63B527A12F0C00B42B75 /* LemonMeringuePie.usdz */; };
		5F4B63BA27A12F0C00B42B75 /* toy_drummer.usdz in Resources */ = {isa = PBXBuildFile; fileRef = 5F4B63B627A12F0C00B42B75 /* toy_drummer.usdz */; };
		5F4B63BC27A13AB600B42B75 /* PreviewView.swift in Sources */ = {isa = PBXBuildFile; fileRef = 5F4B63BB27A13AB600B42B75 /* PreviewView.swift */; };
		5F4B63BE27A13DAA00B42B75 /* PinkButtonSmall.swift in Sources */ = {isa = PBXBuildFile; fileRef = 5F4B63BD27A13DAA00B42B75 /* PinkButtonSmall.swift */; };
		5F4B63C227A1453C00B42B75 /* DataBase.swift in Sources */ = {isa = PBXBuildFile; fileRef = 5F4B63C127A1453C00B42B75 /* DataBase.swift */; };
		5F4B63C427A151BB00B42B75 /* ARMarkerStore.swift in Sources */ = {isa = PBXBuildFile; fileRef = 5F4B63C327A151BB00B42B75 /* ARMarkerStore.swift */; };
		5F4B63C727A158EA00B42B75 /* EditViewModel.swift in Sources */ = {isa = PBXBuildFile; fileRef = 5F4B63C627A158EA00B42B75 /* EditViewModel.swift */; };
		5F4B63CC27A16B2500B42B75 /* PreviewViewController.swift in Sources */ = {isa = PBXBuildFile; fileRef = 5F4B63CB27A16B2500B42B75 /* PreviewViewController.swift */; };
		5F4B63CE27A1952700B42B75 /* RegistView.swift in Sources */ = {isa = PBXBuildFile; fileRef = 5F4B63CD27A1952700B42B75 /* RegistView.swift */; };
		5F4B63D427A199BF00B42B75 /* MarkerView.swift in Sources */ = {isa = PBXBuildFile; fileRef = 5F4B63D327A199BF00B42B75 /* MarkerView.swift */; };
		5F4B63D727A19A5B00B42B75 /* CompleteView.swift in Sources */ = {isa = PBXBuildFile; fileRef = 5F4B63D627A19A5B00B42B75 /* CompleteView.swift */; };
		5F4B63DA27A19D0E00B42B75 /* TransitionManager.swift in Sources */ = {isa = PBXBuildFile; fileRef = 5F4B63D927A19D0E00B42B75 /* TransitionManager.swift */; };
		5FB3589D27A111B700E75F6E /* Color.xcassets in Resources */ = {isa = PBXBuildFile; fileRef = 5FB3589C27A111B700E75F6E /* Color.xcassets */; };
		5FB358A027A1129A00E75F6E /* PinkButton.swift in Sources */ = {isa = PBXBuildFile; fileRef = 5FB3589F27A1129A00E75F6E /* PinkButton.swift */; };
		5FB358A227A1176300E75F6E /* PrinterView.swift in Sources */ = {isa = PBXBuildFile; fileRef = 5FB358A127A1176300E75F6E /* PrinterView.swift */; };
/* End PBXBuildFile section */

/* Begin PBXFileReference section */
		5F08FD54279D9E05004A5FD6 /* ARGift.app */ = {isa = PBXFileReference; explicitFileType = wrapper.application; includeInIndex = 0; path = ARGift.app; sourceTree = BUILT_PRODUCTS_DIR; };
		5F08FD57279D9E05004A5FD6 /* AppDelegate.swift */ = {isa = PBXFileReference; lastKnownFileType = sourcecode.swift; path = AppDelegate.swift; sourceTree = "<group>"; };
		5F08FD5D279D9E06004A5FD6 /* Assets.xcassets */ = {isa = PBXFileReference; lastKnownFileType = folder.assetcatalog; path = Assets.xcassets; sourceTree = "<group>"; };
		5F08FD60279D9E06004A5FD6 /* Preview Assets.xcassets */ = {isa = PBXFileReference; lastKnownFileType = folder.assetcatalog; path = "Preview Assets.xcassets"; sourceTree = "<group>"; };
		5F08FD67279D9EC9004A5FD6 /* HomeView.swift */ = {isa = PBXFileReference; lastKnownFileType = sourcecode.swift; path = HomeView.swift; sourceTree = "<group>"; };
		5F08FD69279D9F2C004A5FD6 /* SelectView.swift */ = {isa = PBXFileReference; lastKnownFileType = sourcecode.swift; path = SelectView.swift; sourceTree = "<group>"; };
		5F08FD6C279DA0F5004A5FD6 /* Markerlmage.swift */ = {isa = PBXFileReference; lastKnownFileType = sourcecode.swift; path = Markerlmage.swift; sourceTree = "<group>"; };
		5F08FD6E279DA113004A5FD6 /* SelectViewModel.swift */ = {isa = PBXFileReference; lastKnownFileType = sourcecode.swift; path = SelectViewModel.swift; sourceTree = "<group>"; };
		5F08FD72279DAAE5004A5FD6 /* Activity.swift */ = {isa = PBXFileReference; lastKnownFileType = sourcecode.swift; path = Activity.swift; sourceTree = "<group>"; };
		5F08FD74279DAE53004A5FD6 /* EditView.swift */ = {isa = PBXFileReference; lastKnownFileType = sourcecode.swift; path = EditView.swift; sourceTree = "<group>"; };
		5F34479327A4F3B300521F5B /* OpenView.swift */ = {isa = PBXFileReference; lastKnownFileType = sourcecode.swift; path = OpenView.swift; sourceTree = "<group>"; };
		5F34479527A4F3C200521F5B /* OpenViewModel.swift */ = {isa = PBXFileReference; lastKnownFileType = sourcecode.swift; path = OpenViewModel.swift; sourceTree = "<group>"; };
		5F34479727A4F7EF00521F5B /* TakeMarkerStore.swift */ = {isa = PBXFileReference; lastKnownFileType = sourcecode.swift; path = TakeMarkerStore.swift; sourceTree = "<group>"; };
		5F34479A27A5041D00521F5B /* ARContentsViewController.swift */ = {isa = PBXFileReference; lastKnownFileType = sourcecode.swift; path = ARContentsViewController.swift; sourceTree = "<group>"; };
		5F34479F27A5AD6400521F5B /* FindMarkerView.swift */ = {isa = PBXFileReference; lastKnownFileType = sourcecode.swift; path = FindMarkerView.swift; sourceTree = "<group>"; };
		5F3447A227A5B33A00521F5B /* MessageView.swift */ = {isa = PBXFileReference; lastKnownFileType = sourcecode.swift; path = MessageView.swift; sourceTree = "<group>"; };
		5F3447A527A5BF8C00521F5B /* FinishView.swift */ = {isa = PBXFileReference; lastKnownFileType = sourcecode.swift; path = FinishView.swift; sourceTree = "<group>"; };
		5F4B63A627A127B600B42B75 /* AuthentiacationView.swift */ = {isa = PBXFileReference; lastKnownFileType = sourcecode.swift; path = AuthentiacationView.swift; sourceTree = "<group>"; };
		5F4B63A927A1286D00B42B75 /* AuthenticationViewModel.swift */ = {isa = PBXFileReference; lastKnownFileType = sourcecode.swift; path = AuthenticationViewModel.swift; sourceTree = "<group>"; };
		5F4B63AB27A128CE00B42B75 /* OrangeButton.swift */ = {isa = PBXFileReference; lastKnownFileType = sourcecode.swift; path = OrangeButton.swift; sourceTree = "<group>"; };
		5F4B63B327A12F0B00B42B75 /* toy_biplane.usdz */ = {isa = PBXFileReference; lastKnownFileType = file.usdz; path = toy_biplane.usdz; sourceTree = "<group>"; };
		5F4B63B427A12F0B00B42B75 /* tv_retro.usdz */ = {isa = PBXFileReference; lastKnownFileType = file.usdz; path = tv_retro.usdz; sourceTree = "<group>"; };
		5F4B63B527A12F0C00B42B75 /* LemonMeringuePie.usdz */ = {isa = PBXFileReference; lastKnownFileType = file.usdz; path = LemonMeringuePie.usdz; sourceTree = "<group>"; };
		5F4B63B627A12F0C00B42B75 /* toy_drummer.usdz */ = {isa = PBXFileReference; lastKnownFileType = file.usdz; path = toy_drummer.usdz; sourceTree = "<group>"; };
		5F4B63BB27A13AB600B42B75 /* PreviewView.swift */ = {isa = PBXFileReference; lastKnownFileType = sourcecode.swift; path = PreviewView.swift; sourceTree = "<group>"; };
		5F4B63BD27A13DAA00B42B75 /* PinkButtonSmall.swift */ = {isa = PBXFileReference; lastKnownFileType = sourcecode.swift; path = PinkButtonSmall.swift; sourceTree = "<group>"; };
		5F4B63C127A1453C00B42B75 /* DataBase.swift */ = {isa = PBXFileReference; lastKnownFileType = sourcecode.swift; path = DataBase.swift; sourceTree = "<group>"; };
		5F4B63C327A151BB00B42B75 /* ARMarkerStore.swift */ = {isa = PBXFileReference; lastKnownFileType = sourcecode.swift; path = ARMarkerStore.swift; sourceTree = "<group>"; };
		5F4B63C627A158EA00B42B75 /* EditViewModel.swift */ = {isa = PBXFileReference; lastKnownFileType = sourcecode.swift; path = EditViewModel.swift; sourceTree = "<group>"; };
		5F4B63C827A15D3300B42B75 /* Info.plist */ = {isa = PBXFileReference; lastKnownFileType = text.plist; path = Info.plist; sourceTree = "<group>"; };
		5F4B63CB27A16B2500B42B75 /* PreviewViewController.swift */ = {isa = PBXFileReference; lastKnownFileType = sourcecode.swift; path = PreviewViewController.swift; sourceTree = "<group>"; };
		5F4B63CD27A1952700B42B75 /* RegistView.swift */ = {isa = PBXFileReference; lastKnownFileType = sourcecode.swift; path = RegistView.swift; sourceTree = "<group>"; };
		5F4B63D327A199BF00B42B75 /* MarkerView.swift */ = {isa = PBXFileReference; lastKnownFileType = sourcecode.swift; path = MarkerView.swift; sourceTree = "<group>"; };
		5F4B63D627A19A5B00B42B75 /* CompleteView.swift */ = {isa = PBXFileReference; lastKnownFileType = sourcecode.swift; path = CompleteView.swift; sourceTree = "<group>"; };
		5F4B63D927A19D0E00B42B75 /* TransitionManager.swift */ = {isa = PBXFileReference; lastKnownFileType = sourcecode.swift; path = TransitionManager.swift; sourceTree = "<group>"; };
		5FB3589C27A111B700E75F6E /* Color.xcassets */ = {isa = PBXFileReference; lastKnownFileType = folder.assetcatalog; path = Color.xcassets; sourceTree = "<group>"; };
		5FB3589F27A1129A00E75F6E /* PinkButton.swift */ = {isa = PBXFileReference; lastKnownFileType = sourcecode.swift; path = PinkButton.swift; sourceTree = "<group>"; };
		5FB358A127A1176300E75F6E /* PrinterView.swift */ = {isa = PBXFileReference; lastKnownFileType = sourcecode.swift; path = PrinterView.swift; sourceTree = "<group>"; };
/* End PBXFileReference section */

/* Begin PBXFrameworksBuildPhase section */
		5F08FD51279D9E05004A5FD6 /* Frameworks */ = {
			isa = PBXFrameworksBuildPhase;
			buildActionMask = 2147483647;
			files = (
				5F34479E27A50C6300521F5B /* PinLayout in Frameworks */,
				5F4B63B127A12D8700B42B75 /* RealmSwift in Frameworks */,
				5F4B63AF27A12D8700B42B75 /* Realm in Frameworks */,
			);
			runOnlyForDeploymentPostprocessing = 0;
		};
/* End PBXFrameworksBuildPhase section */

/* Begin PBXGroup section */
		5F08FD4B279D9E05004A5FD6 = {
			isa = PBXGroup;
			children = (
				5F08FD56279D9E05004A5FD6 /* ARGift */,
				5F08FD55279D9E05004A5FD6 /* Products */,
			);
			sourceTree = "<group>";
		};
		5F08FD55279D9E05004A5FD6 /* Products */ = {
			isa = PBXGroup;
			children = (
				5F08FD54279D9E05004A5FD6 /* ARGift.app */,
			);
			name = Products;
			sourceTree = "<group>";
		};
		5F08FD56279D9E05004A5FD6 /* ARGift */ = {
			isa = PBXGroup;
			children = (
				5FB3589C27A111B700E75F6E /* Color.xcassets */,
				5F08FD5D279D9E06004A5FD6 /* Assets.xcassets */,
				5F4B63C827A15D3300B42B75 /* Info.plist */,
				5F08FD57279D9E05004A5FD6 /* AppDelegate.swift */,
				5F4B63C027A1452100B42B75 /* DataBase */,
				5F4B63B227A12EF700B42B75 /* USDZ */,
				5FB358A327A125AD00E75F6E /* View */,
				5F08FD5F279D9E06004A5FD6 /* Preview Content */,
			);
			path = ARGift;
			sourceTree = "<group>";
		};
		5F08FD5F279D9E06004A5FD6 /* Preview Content */ = {
			isa = PBXGroup;
			children = (
				5F08FD60279D9E06004A5FD6 /* Preview Assets.xcassets */,
			);
			path = "Preview Content";
			sourceTree = "<group>";
		};
		5F08FD6B279DA082004A5FD6 /* Select */ = {
			isa = PBXGroup;
			children = (
				5F08FD69279D9F2C004A5FD6 /* SelectView.swift */,
				5F08FD6C279DA0F5004A5FD6 /* Markerlmage.swift */,
				5F08FD6E279DA113004A5FD6 /* SelectViewModel.swift */,
			);
			path = Select;
			sourceTree = "<group>";
		};
		5F34479127A4F37C00521F5B /* Take */ = {
			isa = PBXGroup;
			children = (
				5F3447A427A5BF4C00521F5B /* Finish */,
				5F3447A127A5B32700521F5B /* MessageView */,
				5F34479927A5040400521F5B /* ARView */,
				5F34479227A4F38E00521F5B /* Open */,
				5F4B63A827A1285000B42B75 /* Authentication */,
				5F34479727A4F7EF00521F5B /* TakeMarkerStore.swift */,
			);
			path = Take;
			sourceTree = "<group>";
		};
		5F34479227A4F38E00521F5B /* Open */ = {
			isa = PBXGroup;
			children = (
				5F34479327A4F3B300521F5B /* OpenView.swift */,
				5F34479527A4F3C200521F5B /* OpenViewModel.swift */,
			);
			path = Open;
			sourceTree = "<group>";
		};
		5F34479927A5040400521F5B /* ARView */ = {
			isa = PBXGroup;
			children = (
				5F34479A27A5041D00521F5B /* ARContentsViewController.swift */,
				5F34479F27A5AD6400521F5B /* FindMarkerView.swift */,
			);
			path = ARView;
			sourceTree = "<group>";
		};
		5F3447A127A5B32700521F5B /* MessageView */ = {
			isa = PBXGroup;
			children = (
				5F3447A227A5B33A00521F5B /* MessageView.swift */,
			);
			path = MessageView;
			sourceTree = "<group>";
		};
		5F3447A427A5BF4C00521F5B /* Finish */ = {
			isa = PBXGroup;
			children = (
				5F3447A527A5BF8C00521F5B /* FinishView.swift */,
			);
			path = Finish;
			sourceTree = "<group>";
		};
		5F4B63A827A1285000B42B75 /* Authentication */ = {
			isa = PBXGroup;
			children = (
				5F4B63A627A127B600B42B75 /* AuthentiacationView.swift */,
				5F4B63A927A1286D00B42B75 /* AuthenticationViewModel.swift */,
			);
			path = Authentication;
			sourceTree = "<group>";
		};
		5F4B63B227A12EF700B42B75 /* USDZ */ = {
			isa = PBXGroup;
			children = (
				5F4B63B527A12F0C00B42B75 /* LemonMeringuePie.usdz */,
				5F4B63B327A12F0B00B42B75 /* toy_biplane.usdz */,
				5F4B63B627A12F0C00B42B75 /* toy_drummer.usdz */,
				5F4B63B427A12F0B00B42B75 /* tv_retro.usdz */,
			);
			path = USDZ;
			sourceTree = "<group>";
		};
		5F4B63BF27A1414300B42B75 /* Preview */ = {
			isa = PBXGroup;
			children = (
				5F4B63BB27A13AB600B42B75 /* PreviewView.swift */,
				5F4B63CB27A16B2500B42B75 /* PreviewViewController.swift */,
			);
			path = Preview;
			sourceTree = "<group>";
		};
		5F4B63C027A1452100B42B75 /* DataBase */ = {
			isa = PBXGroup;
			children = (
				5F4B63C127A1453C00B42B75 /* DataBase.swift */,
			);
			name = DataBase;
			sourceTree = "<group>";
		};
		5F4B63C527A158DB00B42B75 /* Edit */ = {
			isa = PBXGroup;
			children = (
				5F4B63BF27A1414300B42B75 /* Preview */,
				5F08FD74279DAE53004A5FD6 /* EditView.swift */,
				5F4B63C627A158EA00B42B75 /* EditViewModel.swift */,
			);
			path = Edit;
			sourceTree = "<group>";
		};
		5F4B63CF27A1996900B42B75 /* Home */ = {
			isa = PBXGroup;
			children = (
				5F08FD67279D9EC9004A5FD6 /* HomeView.swift */,
			);
			path = Home;
			sourceTree = "<group>";
		};
		5F4B63D027A1997200B42B75 /* Printer */ = {
			isa = PBXGroup;
			children = (
				5FB358A127A1176300E75F6E /* PrinterView.swift */,
			);
			path = Printer;
			sourceTree = "<group>";
		};
		5F4B63D127A1997F00B42B75 /* Register */ = {
			isa = PBXGroup;
			children = (
				5F4B63CD27A1952700B42B75 /* RegistView.swift */,
			);
			path = Register;
			sourceTree = "<group>";
		};
		5F4B63D227A199A700B42B75 /* Marker */ = {
			isa = PBXGroup;
			children = (
				5F4B63D327A199BF00B42B75 /* MarkerView.swift */,
			);
			path = Marker;
			sourceTree = "<group>";
		};
		5F4B63D527A19A4000B42B75 /* Complete */ = {
			isa = PBXGroup;
			children = (
				5F4B63D627A19A5B00B42B75 /* CompleteView.swift */,
			);
			path = Complete;
			sourceTree = "<group>";
		};
		5F4B63D827A19BA600B42B75 /* Give */ = {
			isa = PBXGroup;
			children = (
				5F4B63D527A19A4000B42B75 /* Complete */,
				5F4B63D227A199A700B42B75 /* Marker */,
				5F4B63D127A1997F00B42B75 /* Register */,
				5F4B63D027A1997200B42B75 /* Printer */,
				5F4B63C527A158DB00B42B75 /* Edit */,
				5F08FD6B279DA082004A5FD6 /* Select */,
				5F4B63C327A151BB00B42B75 /* ARMarkerStore.swift */,
			);
			path = Give;
			sourceTree = "<group>";
		};
		5FB3589E27A1126C00E75F6E /* Components */ = {
			isa = PBXGroup;
			children = (
				5F08FD72279DAAE5004A5FD6 /* Activity.swift */,
				5FB3589F27A1129A00E75F6E /* PinkButton.swift */,
				5F4B63AB27A128CE00B42B75 /* OrangeButton.swift */,
				5F4B63BD27A13DAA00B42B75 /* PinkButtonSmall.swift */,
			);
			path = Components;
			sourceTree = "<group>";
		};
		5FB358A327A125AD00E75F6E /* View */ = {
			isa = PBXGroup;
			children = (
				5FB3589E27A1126C00E75F6E /* Components */,
				5F4B63CF27A1996900B42B75 /* Home */,
				5F4B63D827A19BA600B42B75 /* Give */,
				5F34479127A4F37C00521F5B /* Take */,
				5F4B63D927A19D0E00B42B75 /* TransitionManager.swift */,
			);
			path = View;
			sourceTree = "<group>";
		};
/* End PBXGroup section */

/* Begin PBXNativeTarget section */
		5F08FD53279D9E05004A5FD6 /* ARGift */ = {
			isa = PBXNativeTarget;
			buildConfigurationList = 5F08FD64279D9E06004A5FD6 /* Build configuration list for PBXNativeTarget "ARGift" */;
			buildPhases = (
				5F08FD50279D9E05004A5FD6 /* Sources */,
				5F08FD51279D9E05004A5FD6 /* Frameworks */,
				5F08FD52279D9E05004A5FD6 /* Resources */,
			);
			buildRules = (
			);
			dependencies = (
			);
			name = ARGift;
			packageProductDependencies = (
				5F4B63AE27A12D8700B42B75 /* Realm */,
				5F4B63B027A12D8700B42B75 /* RealmSwift */,
				5F34479D27A50C6300521F5B /* PinLayout */,
			);
			productName = ARGift;
			productReference = 5F08FD54279D9E05004A5FD6 /* ARGift.app */;
			productType = "com.apple.product-type.application";
		};
/* End PBXNativeTarget section */

/* Begin PBXProject section */
		5F08FD4C279D9E05004A5FD6 /* Project object */ = {
			isa = PBXProject;
			attributes = {
				BuildIndependentTargetsInParallel = 1;
				LastSwiftUpdateCheck = 1320;
				LastUpgradeCheck = 1320;
				TargetAttributes = {
					5F08FD53279D9E05004A5FD6 = {
						CreatedOnToolsVersion = 13.2;
					};
				};
			};
			buildConfigurationList = 5F08FD4F279D9E05004A5FD6 /* Build configuration list for PBXProject "ARGift" */;
			compatibilityVersion = "Xcode 13.0";
			developmentRegion = en;
			hasScannedForEncodings = 0;
			knownRegions = (
				en,
				Base,
			);
			mainGroup = 5F08FD4B279D9E05004A5FD6;
			packageReferences = (
				5F4B63AD27A12D8700B42B75 /* XCRemoteSwiftPackageReference "realm-swift" */,
				5F34479C27A50C6300521F5B /* XCRemoteSwiftPackageReference "PinLayout" */,
			);
			productRefGroup = 5F08FD55279D9E05004A5FD6 /* Products */;
			projectDirPath = "";
			projectRoot = "";
			targets = (
				5F08FD53279D9E05004A5FD6 /* ARGift */,
			);
		};
/* End PBXProject section */

/* Begin PBXResourcesBuildPhase section */
		5F08FD52279D9E05004A5FD6 /* Resources */ = {
			isa = PBXResourcesBuildPhase;
			buildActionMask = 2147483647;
			files = (
				5F08FD61279D9E06004A5FD6 /* Preview Assets.xcassets in Resources */,
				5F08FD5E279D9E06004A5FD6 /* Assets.xcassets in Resources */,
				5F4B63BA27A12F0C00B42B75 /* toy_drummer.usdz in Resources */,
				5F4B63B927A12F0C00B42B75 /* LemonMeringuePie.usdz in Resources */,
				5F4B63B727A12F0C00B42B75 /* toy_biplane.usdz in Resources */,
				5F4B63B827A12F0C00B42B75 /* tv_retro.usdz in Resources */,
				5FB3589D27A111B700E75F6E /* Color.xcassets in Resources */,
			);
			runOnlyForDeploymentPostprocessing = 0;
		};
/* End PBXResourcesBuildPhase section */

/* Begin PBXSourcesBuildPhase section */
		5F08FD50279D9E05004A5FD6 /* Sources */ = {
			isa = PBXSourcesBuildPhase;
			buildActionMask = 2147483647;
			files = (
				5F4B63C727A158EA00B42B75 /* EditViewModel.swift in Sources */,
				5F4B63C227A1453C00B42B75 /* DataBase.swift in Sources */,
				5F4B63CE27A1952700B42B75 /* RegistView.swift in Sources */,
				5F4B63A727A127B600B42B75 /* AuthentiacationView.swift in Sources */,
				5F3447A027A5AD6400521F5B /* FindMarkerView.swift in Sources */,
				5F34479827A4F7EF00521F5B /* TakeMarkerStore.swift in Sources */,
				5F34479B27A5041D00521F5B /* ARContentsViewController.swift in Sources */,
				5F34479627A4F3C200521F5B /* OpenViewModel.swift in Sources */,
				5F4B63BE27A13DAA00B42B75 /* PinkButtonSmall.swift in Sources */,
				5F08FD6A279D9F2C004A5FD6 /* SelectView.swift in Sources */,
				5F08FD6D279DA0F5004A5FD6 /* Markerlmage.swift in Sources */,
				5FB358A027A1129A00E75F6E /* PinkButton.swift in Sources */,
				5F4B63AC27A128CE00B42B75 /* OrangeButton.swift in Sources */,
				5F4B63AA27A1286D00B42B75 /* AuthenticationViewModel.swift in Sources */,
				5F4B63CC27A16B2500B42B75 /* PreviewViewController.swift in Sources */,
				5F08FD68279D9EC9004A5FD6 /* HomeView.swift in Sources */,
				5F08FD6F279DA113004A5FD6 /* SelectViewModel.swift in Sources */,
				5F3447A627A5BF8C00521F5B /* FinishView.swift in Sources */,
				5F08FD73279DAAE5004A5FD6 /* Activity.swift in Sources */,
				5F4B63DA27A19D0E00B42B75 /* TransitionManager.swift in Sources */,
				5F4B63D427A199BF00B42B75 /* MarkerView.swift in Sources */,
				5F08FD58279D9E05004A5FD6 /* AppDelegate.swift in Sources */,
				5F34479427A4F3B300521F5B /* OpenView.swift in Sources */,
				5F4B63BC27A13AB600B42B75 /* PreviewView.swift in Sources */,
				5F3447A327A5B33A00521F5B /* MessageView.swift in Sources */,
				5F4B63D727A19A5B00B42B75 /* CompleteView.swift in Sources */,
				5F4B63C427A151BB00B42B75 /* ARMarkerStore.swift in Sources */,
				5F08FD75279DAE53004A5FD6 /* EditView.swift in Sources */,
				5FB358A227A1176300E75F6E /* PrinterView.swift in Sources */,
			);
			runOnlyForDeploymentPostprocessing = 0;
		};
/* End PBXSourcesBuildPhase section */

/* Begin XCBuildConfiguration section */
		5F08FD62279D9E06004A5FD6 /* Debug */ = {
			isa = XCBuildConfiguration;
			buildSettings = {
				ALWAYS_SEARCH_USER_PATHS = NO;
				CLANG_ANALYZER_NONNULL = YES;
				CLANG_ANALYZER_NUMBER_OBJECT_CONVERSION = YES_AGGRESSIVE;
				CLANG_CXX_LANGUAGE_STANDARD = "gnu++17";
				CLANG_CXX_LIBRARY = "libc++";
				CLANG_ENABLE_MODULES = YES;
				CLANG_ENABLE_OBJC_ARC = YES;
				CLANG_ENABLE_OBJC_WEAK = YES;
				CLANG_WARN_BLOCK_CAPTURE_AUTORELEASING = YES;
				CLANG_WARN_BOOL_CONVERSION = YES;
				CLANG_WARN_COMMA = YES;
				CLANG_WARN_CONSTANT_CONVERSION = YES;
				CLANG_WARN_DEPRECATED_OBJC_IMPLEMENTATIONS = YES;
				CLANG_WARN_DIRECT_OBJC_ISA_USAGE = YES_ERROR;
				CLANG_WARN_DOCUMENTATION_COMMENTS = YES;
				CLANG_WARN_EMPTY_BODY = YES;
				CLANG_WARN_ENUM_CONVERSION = YES;
				CLANG_WARN_INFINITE_RECURSION = YES;
				CLANG_WARN_INT_CONVERSION = YES;
				CLANG_WARN_NON_LITERAL_NULL_CONVERSION = YES;
				CLANG_WARN_OBJC_IMPLICIT_RETAIN_SELF = YES;
				CLANG_WARN_OBJC_LITERAL_CONVERSION = YES;
				CLANG_WARN_OBJC_ROOT_CLASS = YES_ERROR;
				CLANG_WARN_QUOTED_INCLUDE_IN_FRAMEWORK_HEADER = YES;
				CLANG_WARN_RANGE_LOOP_ANALYSIS = YES;
				CLANG_WARN_STRICT_PROTOTYPES = YES;
				CLANG_WARN_SUSPICIOUS_MOVE = YES;
				CLANG_WARN_UNGUARDED_AVAILABILITY = YES_AGGRESSIVE;
				CLANG_WARN_UNREACHABLE_CODE = YES;
				CLANG_WARN__DUPLICATE_METHOD_MATCH = YES;
				COPY_PHASE_STRIP = NO;
				DEBUG_INFORMATION_FORMAT = dwarf;
				ENABLE_STRICT_OBJC_MSGSEND = YES;
				ENABLE_TESTABILITY = YES;
				GCC_C_LANGUAGE_STANDARD = gnu11;
				GCC_DYNAMIC_NO_PIC = NO;
				GCC_NO_COMMON_BLOCKS = YES;
				GCC_OPTIMIZATION_LEVEL = 0;
				GCC_PREPROCESSOR_DEFINITIONS = (
					"DEBUG=1",
					"$(inherited)",
				);
				GCC_WARN_64_TO_32_BIT_CONVERSION = YES;
				GCC_WARN_ABOUT_RETURN_TYPE = YES_ERROR;
				GCC_WARN_UNDECLARED_SELECTOR = YES;
				GCC_WARN_UNINITIALIZED_AUTOS = YES_AGGRESSIVE;
				GCC_WARN_UNUSED_FUNCTION = YES;
				GCC_WARN_UNUSED_VARIABLE = YES;
				IPHONEOS_DEPLOYMENT_TARGET = 15.2;
				MTL_ENABLE_DEBUG_INFO = INCLUDE_SOURCE;
				MTL_FAST_MATH = YES;
				ONLY_ACTIVE_ARCH = YES;
				SDKROOT = iphoneos;
				SWIFT_ACTIVE_COMPILATION_CONDITIONS = DEBUG;
				SWIFT_OPTIMIZATION_LEVEL = "-Onone";
			};
			name = Debug;
		};
		5F08FD63279D9E06004A5FD6 /* Release */ = {
			isa = XCBuildConfiguration;
			buildSettings = {
				ALWAYS_SEARCH_USER_PATHS = NO;
				CLANG_ANALYZER_NONNULL = YES;
				CLANG_ANALYZER_NUMBER_OBJECT_CONVERSION = YES_AGGRESSIVE;
				CLANG_CXX_LANGUAGE_STANDARD = "gnu++17";
				CLANG_CXX_LIBRARY = "libc++";
				CLANG_ENABLE_MODULES = YES;
				CLANG_ENABLE_OBJC_ARC = YES;
				CLANG_ENABLE_OBJC_WEAK = YES;
				CLANG_WARN_BLOCK_CAPTURE_AUTORELEASING = YES;
				CLANG_WARN_BOOL_CONVERSION = YES;
				CLANG_WARN_COMMA = YES;
				CLANG_WARN_CONSTANT_CONVERSION = YES;
				CLANG_WARN_DEPRECATED_OBJC_IMPLEMENTATIONS = YES;
				CLANG_WARN_DIRECT_OBJC_ISA_USAGE = YES_ERROR;
				CLANG_WARN_DOCUMENTATION_COMMENTS = YES;
				CLANG_WARN_EMPTY_BODY = YES;
				CLANG_WARN_ENUM_CONVERSION = YES;
				CLANG_WARN_INFINITE_RECURSION = YES;
				CLANG_WARN_INT_CONVERSION = YES;
				CLANG_WARN_NON_LITERAL_NULL_CONVERSION = YES;
				CLANG_WARN_OBJC_IMPLICIT_RETAIN_SELF = YES;
				CLANG_WARN_OBJC_LITERAL_CONVERSION = YES;
				CLANG_WARN_OBJC_ROOT_CLASS = YES_ERROR;
				CLANG_WARN_QUOTED_INCLUDE_IN_FRAMEWORK_HEADER = YES;
				CLANG_WARN_RANGE_LOOP_ANALYSIS = YES;
				CLANG_WARN_STRICT_PROTOTYPES = YES;
				CLANG_WARN_SUSPICIOUS_MOVE = YES;
				CLANG_WARN_UNGUARDED_AVAILABILITY = YES_AGGRESSIVE;
				CLANG_WARN_UNREACHABLE_CODE = YES;
				CLANG_WARN__DUPLICATE_METHOD_MATCH = YES;
				COPY_PHASE_STRIP = NO;
				DEBUG_INFORMATION_FORMAT = "dwarf-with-dsym";
				ENABLE_NS_ASSERTIONS = NO;
				ENABLE_STRICT_OBJC_MSGSEND = YES;
				GCC_C_LANGUAGE_STANDARD = gnu11;
				GCC_NO_COMMON_BLOCKS = YES;
				GCC_WARN_64_TO_32_BIT_CONVERSION = YES;
				GCC_WARN_ABOUT_RETURN_TYPE = YES_ERROR;
				GCC_WARN_UNDECLARED_SELECTOR = YES;
				GCC_WARN_UNINITIALIZED_AUTOS = YES_AGGRESSIVE;
				GCC_WARN_UNUSED_FUNCTION = YES;
				GCC_WARN_UNUSED_VARIABLE = YES;
				IPHONEOS_DEPLOYMENT_TARGET = 15.2;
				MTL_ENABLE_DEBUG_INFO = NO;
				MTL_FAST_MATH = YES;
				SDKROOT = iphoneos;
				SWIFT_COMPILATION_MODE = wholemodule;
				SWIFT_OPTIMIZATION_LEVEL = "-O";
				VALIDATE_PRODUCT = YES;
			};
			name = Release;
		};
		5F08FD65279D9E06004A5FD6 /* Debug */ = {
			isa = XCBuildConfiguration;
			buildSettings = {
				ASSETCATALOG_COMPILER_APPICON_NAME = AppIcon;
				ASSETCATALOG_COMPILER_GLOBAL_ACCENT_COLOR_NAME = AccentColor;
				CODE_SIGN_STYLE = Automatic;
				CURRENT_PROJECT_VERSION = 1;
				DEVELOPMENT_ASSET_PATHS = "\"ARGift/Preview Content\"";
				DEVELOPMENT_TEAM = R93U8YH7X4;
				ENABLE_PREVIEWS = YES;
				GENERATE_INFOPLIST_FILE = YES;
				INFOPLIST_FILE = ARGift/Info.plist;
				INFOPLIST_KEY_NSCameraUsageDescription = "\"ARのためにカメラを使用してもいいですか？\"";
				INFOPLIST_KEY_UIApplicationSupportsIndirectInputEvents = YES;
				INFOPLIST_KEY_UILaunchScreen_Generation = YES;
				INFOPLIST_KEY_UIRequiredDeviceCapabilities = arkit;
				INFOPLIST_KEY_UIStatusBarHidden = YES;
				INFOPLIST_KEY_UISupportedInterfaceOrientations_iPad = "UIInterfaceOrientationPortrait UIInterfaceOrientationPortraitUpsideDown";
				INFOPLIST_KEY_UISupportedInterfaceOrientations_iPhone = "UIInterfaceOrientationPortrait UIInterfaceOrientationLandscapeLeft UIInterfaceOrientationLandscapeRight";
				INFOPLIST_KEY_UIUserInterfaceStyle = Light;
				IPHONEOS_DEPLOYMENT_TARGET = 15.0;
				LD_RUNPATH_SEARCH_PATHS = (
					"$(inherited)",
					"@executable_path/Frameworks",
				);
				MARKETING_VERSION = 1.0;
				PRODUCT_BUNDLE_IDENTIFIER = com.yuudai.asano.controlGroup.ARGift;
				PRODUCT_NAME = "$(TARGET_NAME)";
				SWIFT_EMIT_LOC_STRINGS = YES;
				SWIFT_VERSION = 5.0;
				TARGETED_DEVICE_FAMILY = "1,2";
			};
			name = Debug;
		};
		5F08FD66279D9E06004A5FD6 /* Release */ = {
			isa = XCBuildConfiguration;
			buildSettings = {
				ASSETCATALOG_COMPILER_APPICON_NAME = AppIcon;
				ASSETCATALOG_COMPILER_GLOBAL_ACCENT_COLOR_NAME = AccentColor;
				CODE_SIGN_STYLE = Automatic;
				CURRENT_PROJECT_VERSION = 1;
				DEVELOPMENT_ASSET_PATHS = "\"ARGift/Preview Content\"";
				DEVELOPMENT_TEAM = R93U8YH7X4;
				ENABLE_PREVIEWS = YES;
				GENERATE_INFOPLIST_FILE = YES;
				INFOPLIST_FILE = ARGift/Info.plist;
				INFOPLIST_KEY_NSCameraUsageDescription = "\"ARのためにカメラを使用してもいいですか？\"";
				INFOPLIST_KEY_UIApplicationSupportsIndirectInputEvents = YES;
				INFOPLIST_KEY_UILaunchScreen_Generation = YES;
				INFOPLIST_KEY_UIRequiredDeviceCapabilities = arkit;
				INFOPLIST_KEY_UIStatusBarHidden = YES;
				INFOPLIST_KEY_UISupportedInterfaceOrientations_iPad = "UIInterfaceOrientationPortrait UIInterfaceOrientationPortraitUpsideDown";
				INFOPLIST_KEY_UISupportedInterfaceOrientations_iPhone = "UIInterfaceOrientationPortrait UIInterfaceOrientationLandscapeLeft UIInterfaceOrientationLandscapeRight";
				INFOPLIST_KEY_UIUserInterfaceStyle = Light;
				IPHONEOS_DEPLOYMENT_TARGET = 15.0;
				LD_RUNPATH_SEARCH_PATHS = (
					"$(inherited)",
					"@executable_path/Frameworks",
				);
				MARKETING_VERSION = 1.0;
				PRODUCT_BUNDLE_IDENTIFIER = com.yuudai.asano.controlGroup.ARGift;
				PRODUCT_NAME = "$(TARGET_NAME)";
				SWIFT_EMIT_LOC_STRINGS = YES;
				SWIFT_VERSION = 5.0;
				TARGETED_DEVICE_FAMILY = "1,2";
			};
			name = Release;
		};
/* End XCBuildConfiguration section */

/* Begin XCConfigurationList section */
		5F08FD4F279D9E05004A5FD6 /* Build configuration list for PBXProject "ARGift" */ = {
			isa = XCConfigurationList;
			buildConfigurations = (
				5F08FD62279D9E06004A5FD6 /* Debug */,
				5F08FD63279D9E06004A5FD6 /* Release */,
			);
			defaultConfigurationIsVisible = 0;
			defaultConfigurationName = Release;
		};
		5F08FD64279D9E06004A5FD6 /* Build configuration list for PBXNativeTarget "ARGift" */ = {
			isa = XCConfigurationList;
			buildConfigurations = (
				5F08FD65279D9E06004A5FD6 /* Debug */,
				5F08FD66279D9E06004A5FD6 /* Release */,
			);
			defaultConfigurationIsVisible = 0;
			defaultConfigurationName = Release;
		};
/* End XCConfigurationList section */

/* Begin XCRemoteSwiftPackageReference section */
		5F34479C27A50C6300521F5B /* XCRemoteSwiftPackageReference "PinLayout" */ = {
			isa = XCRemoteSwiftPackageReference;
			repositoryURL = "https://github.com/layoutBox/PinLayout";
			requirement = {
				branch = master;
				kind = branch;
			};
		};
		5F4B63AD27A12D8700B42B75 /* XCRemoteSwiftPackageReference "realm-swift" */ = {
			isa = XCRemoteSwiftPackageReference;
			repositoryURL = "https://github.com/realm/realm-swift";
			requirement = {
				branch = master;
				kind = branch;
			};
		};
/* End XCRemoteSwiftPackageReference section */

/* Begin XCSwiftPackageProductDependency section */
		5F34479D27A50C6300521F5B /* PinLayout */ = {
			isa = XCSwiftPackageProductDependency;
			package = 5F34479C27A50C6300521F5B /* XCRemoteSwiftPackageReference "PinLayout" */;
			productName = PinLayout;
		};
		5F4B63AE27A12D8700B42B75 /* Realm */ = {
			isa = XCSwiftPackageProductDependency;
			package = 5F4B63AD27A12D8700B42B75 /* XCRemoteSwiftPackageReference "realm-swift" */;
			productName = Realm;
		};
		5F4B63B027A12D8700B42B75 /* RealmSwift */ = {
			isa = XCSwiftPackageProductDependency;
			package = 5F4B63AD27A12D8700B42B75 /* XCRemoteSwiftPackageReference "realm-swift" */;
			productName = RealmSwift;
		};
/* End XCSwiftPackageProductDependency section */
	};
	rootObject = 5F08FD4C279D9E05004A5FD6 /* Project object */;
}
